github.com/Formulary-Labs/substrate v0.4.0 h1:Kv8yeLv3UTbwHdGuD0EUlRX8Hh7Mwp7u4kCw3j7wftI=
github.com/Formulary-Labs/substrate v0.4.0/go.mod h1:0tLsfkmnLH/Wdapa/iLqzOfpV+yYIXJO58kBbyVLIzk=
github.com/google/uuid v1.6.0 h1:NIvaJDMOsjHA8n1jAhLSgzrAzy1Hgr+hNrb57e+94F0=
github.com/google/uuid v1.6.0/go.mod h1:TIyPZe4MgqvfeYDBFedMoGGpEw/LqOeaOT+nhxU+yHo=
