github.com/Formulary-Labs/substrate v0.1.0 h1:5qJdo8sR30ZNrxKv8XR3HrFJv5KoxxqqJFmsCOAiTYA=
github.com/Formulary-Labs/substrate v0.1.0/go.mod h1:wyBMH0xWStrpmAl0l4ArFdy9wooCjxK7uJNl4CGIL00=
github.com/google/uuid v1.6.0 h1:NIvaJDMOsjHA8n1jAhLSgzrAzy1Hgr+hNrb57e+94F0=
github.com/google/uuid v1.6.0/go.mod h1:TIyPZe4MgqvfeYDBFedMoGGpEw/LqOeaOT+nhxU+yHo=
